// !$*UTF8*$!
{
	archiveVersion = 1;
	classes = {
	};
	objectVersion = 77;
	objects = {

/* Begin PBXBuildFile section */
		96D3D8322DDE202F00B91A6C /* FirebaseAnalytics in Frameworks */ = {isa = PBXBuildFile; productRef = 96D3D8312DDE202F00B91A6C /* FirebaseAnalytics */; };
		96D3D8342DDE202F00B91A6C /* FirebaseAuth in Frameworks */ = {isa = PBXBuildFile; productRef = 96D3D8332DDE202F00B91A6C /* FirebaseAuth */; };
		96D3D8362DDE202F00B91A6C /* FirebaseFirestore in Frameworks */ = {isa = PBXBuildFile; productRef = 96D3D8352DDE202F00B91A6C /* FirebaseFirestore */; };
		96D3D8382DDE202F00B91A6C /* FirebaseStorage in Frameworks */ = {isa = PBXBuildFile; productRef = 96D3D8372DDE202F00B91A6C /* FirebaseStorage */; };
/* End PBXBuildFile section */

/* Begin PBXContainerItemProxy section */
		96D3D7A02DDE1D2200B91A6C /* PBXContainerItemProxy */ = {
			isa = PBXContainerItemProxy;
			containerPortal = 96D3D78A2DDE1D2000B91A6C /* Project object */;
			proxyType = 1;
			remoteGlobalIDString = 96D3D7912DDE1D2000B91A6C;
			remoteInfo = UniMarket;
		};
		96D3D7AA2DDE1D2200B91A6C /* PBXContainerItemProxy */ = {
			isa = PBXContainerItemProxy;
			containerPortal = 96D3D78A2DDE1D2000B91A6C /* Project object */;
			proxyType = 1;
			remoteGlobalIDString = 96D3D7912DDE1D2000B91A6C;
			remoteInfo = UniMarket;
		};
/* End PBXContainerItemProxy section */

/* Begin PBXFileReference section */
		96D3D7922DDE1D2000B91A6C /* UniMarket.app */ = {isa = PBXFileReference; explicitFileType = wrapper.application; includeInIndex = 0; path = UniMarket.app; sourceTree = BUILT_PRODUCTS_DIR; };
		96D3D79F2DDE1D2200B91A6C /* UniMarketTests.xctest */ = {isa = PBXFileReference; explicitFileType = wrapper.cfbundle; includeInIndex = 0; path = UniMarketTests.xctest; sourceTree = BUILT_PRODUCTS_DIR; };
		96D3D7A92DDE1D2200B91A6C /* UniMarketUITests.xctest */ = {isa = PBXFileReference; explicitFileType = wrapper.cfbundle; includeInIndex = 0; path = UniMarketUITests.xctest; sourceTree = BUILT_PRODUCTS_DIR; };
/* End PBXFileReference section */

/* Begin PBXFileSystemSynchronizedBuildFileExceptionSet section */
		965AEB512DDE26E900D80226 /* Exceptions for "UniMarket" folder in "UniMarket" target */ = {
			isa = PBXFileSystemSynchronizedBuildFileExceptionSet;
			membershipExceptions = (
				Info.plist,
			);
			target = 96D3D7912DDE1D2000B91A6C /* UniMarket */;
		};
/* End PBXFileSystemSynchronizedBuildFileExceptionSet section */

/* Begin PBXFileSystemSynchronizedRootGroup section */
		96D3D7942DDE1D2000B91A6C /* UniMarket */ = {
			isa = PBXFileSystemSynchronizedRootGroup;
			exceptions = (
				965AEB512DDE26E900D80226 /* Exceptions for "UniMarket" folder in "UniMarket" target */,
			);
			path = UniMarket;
			sourceTree = "<group>";
		};
		96D3D7A22DDE1D2200B91A6C /* UniMarketTests */ = {
			isa = PBXFileSystemSynchronizedRootGroup;
			path = UniMarketTests;
			sourceTree = "<group>";
		};
		96D3D7AC2DDE1D2200B91A6C /* UniMarketUITests */ = {
			isa = PBXFileSystemSynchronizedRootGroup;
			path = UniMarketUITests;
			sourceTree = "<group>";
		};
/* End PBXFileSystemSynchronizedRootGroup section */

/* Begin PBXFrameworksBuildPhase section */
		96D3D78F2DDE1D2000B91A6C /* Frameworks */ = {
			isa = PBXFrameworksBuildPhase;
			buildActionMask = 2147483647;
			files = (
				96D3D8322DDE202F00B91A6C /* FirebaseAnalytics in Frameworks */,
				96D3D8382DDE202F00B91A6C /* FirebaseStorage in Frameworks */,
				96D3D8342DDE202F00B91A6C /* FirebaseAuth in Frameworks */,
				96D3D8362DDE202F00B91A6C /* FirebaseFirestore in Frameworks */,
			);
			runOnlyForDeploymentPostprocessing = 0;
		};
		96D3D79C2DDE1D2200B91A6C /* Frameworks */ = {
			isa = PBXFrameworksBuildPhase;
			buildActionMask = 2147483647;
			files = (
			);
			runOnlyForDeploymentPostprocessing = 0;
		};
		96D3D7A62DDE1D2200B91A6C /* Frameworks */ = {
			isa = PBXFrameworksBuildPhase;
			buildActionMask = 2147483647;
			files = (
			);
			runOnlyForDeploymentPostprocessing = 0;
		};
/* End PBXFrameworksBuildPhase section */

/* Begin PBXGroup section */
		96D3D7892DDE1D2000B91A6C = {
			isa = PBXGroup;
			children = (
				96D3D7942DDE1D2000B91A6C /* UniMarket */,
				96D3D7A22DDE1D2200B91A6C /* UniMarketTests */,
				96D3D7AC2DDE1D2200B91A6C /* UniMarketUITests */,
				96D3D7932DDE1D2000B91A6C /* Products */,
			);
			sourceTree = "<group>";
		};
		96D3D7932DDE1D2000B91A6C /* Products */ = {
			isa = PBXGroup;
			children = (
				96D3D7922DDE1D2000B91A6C /* UniMarket.app */,
				96D3D79F2DDE1D2200B91A6C /* UniMarketTests.xctest */,
				96D3D7A92DDE1D2200B91A6C /* UniMarketUITests.xctest */,
			);
			name = Products;
			sourceTree = "<group>";
		};
/* End PBXGroup section */

/* Begin PBXNativeTarget section */
		96D3D7912DDE1D2000B91A6C /* UniMarket */ = {
			isa = PBXNativeTarget;
			buildConfigurationList = 96D3D7B32DDE1D2200B91A6C /* Build configuration list for PBXNativeTarget "UniMarket" */;
			buildPhases = (
				96D3D78E2DDE1D2000B91A6C /* Sources */,
				96D3D78F2DDE1D2000B91A6C /* Frameworks */,
				96D3D7902DDE1D2000B91A6C /* Resources */,
			);
			buildRules = (
			);
			dependencies = (
			);
			fileSystemSynchronizedGroups = (
				96D3D7942DDE1D2000B91A6C /* UniMarket */,
			);
			name = UniMarket;
			packageProductDependencies = (
				96D3D8312DDE202F00B91A6C /* FirebaseAnalytics */,
				96D3D8332DDE202F00B91A6C /* FirebaseAuth */,
				96D3D8352DDE202F00B91A6C /* FirebaseFirestore */,
				96D3D8372DDE202F00B91A6C /* FirebaseStorage */,
			);
			productName = UniMarket;
			productReference = 96D3D7922DDE1D2000B91A6C /* UniMarket.app */;
			productType = "com.apple.product-type.application";
		};
		96D3D79E2DDE1D2200B91A6C /* UniMarketTests */ = {
			isa = PBXNativeTarget;
			buildConfigurationList = 96D3D7B62DDE1D2200B91A6C /* Build configuration list for PBXNativeTarget "UniMarketTests" */;
			buildPhases = (
				96D3D79B2DDE1D2200B91A6C /* Sources */,
				96D3D79C2DDE1D2200B91A6C /* Frameworks */,
				96D3D79D2DDE1D2200B91A6C /* Resources */,
			);
			buildRules = (
			);
			dependencies = (
				96D3D7A12DDE1D2200B91A6C /* PBXTargetDependency */,
			);
			fileSystemSynchronizedGroups = (
				96D3D7A22DDE1D2200B91A6C /* UniMarketTests */,
			);
			name = UniMarketTests;
			packageProductDependencies = (
			);
			productName = UniMarketTests;
			productReference = 96D3D79F2DDE1D2200B91A6C /* UniMarketTests.xctest */;
			productType = "com.apple.product-type.bundle.unit-test";
		};
		96D3D7A82DDE1D2200B91A6C /* UniMarketUITests */ = {
			isa = PBXNativeTarget;
			buildConfigurationList = 96D3D7B92DDE1D2200B91A6C /* Build configuration list for PBXNativeTarget "UniMarketUITests" */;
			buildPhases = (
				96D3D7A52DDE1D2200B91A6C /* Sources */,
				96D3D7A62DDE1D2200B91A6C /* Frameworks */,
				96D3D7A72DDE1D2200B91A6C /* Resources */,
			);
			buildRules = (
			);
			dependencies = (
				96D3D7AB2DDE1D2200B91A6C /* PBXTargetDependency */,
			);
			fileSystemSynchronizedGroups = (
				96D3D7AC2DDE1D2200B91A6C /* UniMarketUITests */,
			);
			name = UniMarketUITests;
			packageProductDependencies = (
			);
			productName = UniMarketUITests;
			productReference = 96D3D7A92DDE1D2200B91A6C /* UniMarketUITests.xctest */;
			productType = "com.apple.product-type.bundle.ui-testing";
		};
/* End PBXNativeTarget section */

/* Begin PBXProject section */
		96D3D78A2DDE1D2000B91A6C /* Project object */ = {
			isa = PBXProject;
			attributes = {
				BuildIndependentTargetsInParallel = 1;
				LastSwiftUpdateCheck = 1630;
				LastUpgradeCheck = 1630;
				TargetAttributes = {
					96D3D7912DDE1D2000B91A6C = {
						CreatedOnToolsVersion = 16.3;
					};
					96D3D79E2DDE1D2200B91A6C = {
						CreatedOnToolsVersion = 16.3;
						TestTargetID = 96D3D7912DDE1D2000B91A6C;
					};
					96D3D7A82DDE1D2200B91A6C = {
						CreatedOnToolsVersion = 16.3;
						TestTargetID = 96D3D7912DDE1D2000B91A6C;
					};
				};
			};
			buildConfigurationList = 96D3D78D2DDE1D2000B91A6C /* Build configuration list for PBXProject "UniMarket" */;
			developmentRegion = en;
			hasScannedForEncodings = 0;
			knownRegions = (
				en,
				Base,
			);
			mainGroup = 96D3D7892DDE1D2000B91A6C;
			minimizedProjectReferenceProxies = 1;
			packageReferences = (
				96D3D8302DDE202F00B91A6C /* XCRemoteSwiftPackageReference "firebase-ios-sdk" */,
			);
			preferredProjectObjectVersion = 77;
			productRefGroup = 96D3D7932DDE1D2000B91A6C /* Products */;
			projectDirPath = "";
			projectRoot = "";
			targets = (
				96D3D7912DDE1D2000B91A6C /* UniMarket */,
				96D3D79E2DDE1D2200B91A6C /* UniMarketTests */,
				96D3D7A82DDE1D2200B91A6C /* UniMarketUITests */,
			);
		};
/* End PBXProject section */

/* Begin PBXResourcesBuildPhase section */
		96D3D7902DDE1D2000B91A6C /* Resources */ = {
			isa = PBXResourcesBuildPhase;
			buildActionMask = 2147483647;
			files = (
			);
			runOnlyForDeploymentPostprocessing = 0;
		};
		96D3D79D2DDE1D2200B91A6C /* Resources */ = {
			isa = PBXResourcesBuildPhase;
			buildActionMask = 2147483647;
			files = (
			);
			runOnlyForDeploymentPostprocessing = 0;
		};
		96D3D7A72DDE1D2200B91A6C /* Resources */ = {
			isa = PBXResourcesBuildPhase;
			buildActionMask = 2147483647;
			files = (
			);
			runOnlyForDeploymentPostprocessing = 0;
		};
/* End PBXResourcesBuildPhase section */

/* Begin PBXSourcesBuildPhase section */
		96D3D78E2DDE1D2000B91A6C /* Sources */ = {
			isa = PBXSourcesBuildPhase;
			buildActionMask = 2147483647;
			files = (
			);
			runOnlyForDeploymentPostprocessing = 0;
		};
		96D3D79B2DDE1D2200B91A6C /* Sources */ = {
			isa = PBXSourcesBuildPhase;
			buildActionMask = 2147483647;
			files = (
			);
			runOnlyForDeploymentPostprocessing = 0;
		};
		96D3D7A52DDE1D2200B91A6C /* Sources */ = {
			isa = PBXSourcesBuildPhase;
			buildActionMask = 2147483647;
			files = (
			);
			runOnlyForDeploymentPostprocessing = 0;
		};
/* End PBXSourcesBuildPhase section */

/* Begin PBXTargetDependency section */
		96D3D7A12DDE1D2200B91A6C /* PBXTargetDependency */ = {
			isa = PBXTargetDependency;
			target = 96D3D7912DDE1D2000B91A6C /* UniMarket */;
			targetProxy = 96D3D7A02DDE1D2200B91A6C /* PBXContainerItemProxy */;
		};
		96D3D7AB2DDE1D2200B91A6C /* PBXTargetDependency */ = {
			isa = PBXTargetDependency;
			target = 96D3D7912DDE1D2000B91A6C /* UniMarket */;
			targetProxy = 96D3D7AA2DDE1D2200B91A6C /* PBXContainerItemProxy */;
		};
/* End PBXTargetDependency section */

/* Begin XCBuildConfiguration section */
		96D3D7B12DDE1D2200B91A6C /* Debug */ = {
			isa = XCBuildConfiguration;
			buildSettings = {
				ALWAYS_SEARCH_USER_PATHS = NO;
				ASSETCATALOG_COMPILER_GENERATE_SWIFT_ASSET_SYMBOL_EXTENSIONS = YES;
				CLANG_ANALYZER_NONNULL = YES;
				CLANG_ANALYZER_NUMBER_OBJECT_CONVERSION = YES_AGGRESSIVE;
				CLANG_CXX_LANGUAGE_STANDARD = "gnu++20";
				CLANG_ENABLE_MODULES = YES;
				CLANG_ENABLE_OBJC_ARC = YES;
				CLANG_ENABLE_OBJC_WEAK = YES;
				CLANG_WARN_BLOCK_CAPTURE_AUTORELEASING = YES;
				CLANG_WARN_BOOL_CONVERSION = YES;
				CLANG_WARN_COMMA = YES;
				CLANG_WARN_CONSTANT_CONVERSION = YES;
				CLANG_WARN_DEPRECATED_OBJC_IMPLEMENTATIONS = YES;
				CLANG_WARN_DIRECT_OBJC_ISA_USAGE = YES_ERROR;
				CLANG_WARN_DOCUMENTATION_COMMENTS = YES;
				CLANG_WARN_EMPTY_BODY = YES;
				CLANG_WARN_ENUM_CONVERSION = YES;
				CLANG_WARN_INFINITE_RECURSION = YES;
				CLANG_WARN_INT_CONVERSION = YES;
				CLANG_WARN_NON_LITERAL_NULL_CONVERSION = YES;
				CLANG_WARN_OBJC_IMPLICIT_RETAIN_SELF = YES;
				CLANG_WARN_OBJC_LITERAL_CONVERSION = YES;
				CLANG_WARN_OBJC_ROOT_CLASS = YES_ERROR;
				CLANG_WARN_QUOTED_INCLUDE_IN_FRAMEWORK_HEADER = YES;
				CLANG_WARN_RANGE_LOOP_ANALYSIS = YES;
				CLANG_WARN_STRICT_PROTOTYPES = YES;
				CLANG_WARN_SUSPICIOUS_MOVE = YES;
				CLANG_WARN_UNGUARDED_AVAILABILITY = YES_AGGRESSIVE;
				CLANG_WARN_UNREACHABLE_CODE = YES;
				CLANG_WARN__DUPLICATE_METHOD_MATCH = YES;
				COPY_PHASE_STRIP = NO;
				DEBUG_INFORMATION_FORMAT = dwarf;
				ENABLE_STRICT_OBJC_MSGSEND = YES;
				ENABLE_TESTABILITY = YES;
				ENABLE_USER_SCRIPT_SANDBOXING = YES;
				GCC_C_LANGUAGE_STANDARD = gnu17;
				GCC_DYNAMIC_NO_PIC = NO;
				GCC_NO_COMMON_BLOCKS = YES;
				GCC_OPTIMIZATION_LEVEL = 0;
				GCC_PREPROCESSOR_DEFINITIONS = (
					"DEBUG=1",
					"$(inherited)",
				);
				GCC_WARN_64_TO_32_BIT_CONVERSION = YES;
				GCC_WARN_ABOUT_RETURN_TYPE = YES_ERROR;
				GCC_WARN_UNDECLARED_SELECTOR = YES;
				GCC_WARN_UNINITIALIZED_AUTOS = YES_AGGRESSIVE;
				GCC_WARN_UNUSED_FUNCTION = YES;
				GCC_WARN_UNUSED_VARIABLE = YES;
				IPHONEOS_DEPLOYMENT_TARGET = 18.4;
				LOCALIZATION_PREFERS_STRING_CATALOGS = YES;
				MTL_ENABLE_DEBUG_INFO = INCLUDE_SOURCE;
				MTL_FAST_MATH = YES;
				ONLY_ACTIVE_ARCH = YES;
				SDKROOT = iphoneos;
				SWIFT_ACTIVE_COMPILATION_CONDITIONS = "DEBUG $(inherited)";
				SWIFT_OPTIMIZATION_LEVEL = "-Onone";
			};
			name = Debug;
		};
		96D3D7B22DDE1D2200B91A6C /* Release */ = {
			isa = XCBuildConfiguration;
			buildSettings = {
				ALWAYS_SEARCH_USER_PATHS = NO;
				ASSETCATALOG_COMPILER_GENERATE_SWIFT_ASSET_SYMBOL_EXTENSIONS = YES;
				CLANG_ANALYZER_NONNULL = YES;
				CLANG_ANALYZER_NUMBER_OBJECT_CONVERSION = YES_AGGRESSIVE;
				CLANG_CXX_LANGUAGE_STANDARD = "gnu++20";
				CLANG_ENABLE_MODULES = YES;
				CLANG_ENABLE_OBJC_ARC = YES;
				CLANG_ENABLE_OBJC_WEAK = YES;
				CLANG_WARN_BLOCK_CAPTURE_AUTORELEASING = YES;
				CLANG_WARN_BOOL_CONVERSION = YES;
				CLANG_WARN_COMMA = YES;
				CLANG_WARN_CONSTANT_CONVERSION = YES;
				CLANG_WARN_DEPRECATED_OBJC_IMPLEMENTATIONS = YES;
				CLANG_WARN_DIRECT_OBJC_ISA_USAGE = YES_ERROR;
				CLANG_WARN_DOCUMENTATION_COMMENTS = YES;
				CLANG_WARN_EMPTY_BODY = YES;
				CLANG_WARN_ENUM_CONVERSION = YES;
				CLANG_WARN_INFINITE_RECURSION = YES;
				CLANG_WARN_INT_CONVERSION = YES;
				CLANG_WARN_NON_LITERAL_NULL_CONVERSION = YES;
				CLANG_WARN_OBJC_IMPLICIT_RETAIN_SELF = YES;
				CLANG_WARN_OBJC_LITERAL_CONVERSION = YES;
				CLANG_WARN_OBJC_ROOT_CLASS = YES_ERROR;
				CLANG_WARN_QUOTED_INCLUDE_IN_FRAMEWORK_HEADER = YES;
				CLANG_WARN_RANGE_LOOP_ANALYSIS = YES;
				CLANG_WARN_STRICT_PROTOTYPES = YES;
				CLANG_WARN_SUSPICIOUS_MOVE = YES;
				CLANG_WARN_UNGUARDED_AVAILABILITY = YES_AGGRESSIVE;
				CLANG_WARN_UNREACHABLE_CODE = YES;
				CLANG_WARN__DUPLICATE_METHOD_MATCH = YES;
				COPY_PHASE_STRIP = NO;
				DEBUG_INFORMATION_FORMAT = "dwarf-with-dsym";
				ENABLE_NS_ASSERTIONS = NO;
				ENABLE_STRICT_OBJC_MSGSEND = YES;
				ENABLE_USER_SCRIPT_SANDBOXING = YES;
				GCC_C_LANGUAGE_STANDARD = gnu17;
				GCC_NO_COMMON_BLOCKS = YES;
				GCC_WARN_64_TO_32_BIT_CONVERSION = YES;
				GCC_WARN_ABOUT_RETURN_TYPE = YES_ERROR;
				GCC_WARN_UNDECLARED_SELECTOR = YES;
				GCC_WARN_UNINITIALIZED_AUTOS = YES_AGGRESSIVE;
				GCC_WARN_UNUSED_FUNCTION = YES;
				GCC_WARN_UNUSED_VARIABLE = YES;
				IPHONEOS_DEPLOYMENT_TARGET = 18.4;
				LOCALIZATION_PREFERS_STRING_CATALOGS = YES;
				MTL_ENABLE_DEBUG_INFO = NO;
				MTL_FAST_MATH = YES;
				SDKROOT = iphoneos;
				SWIFT_COMPILATION_MODE = wholemodule;
				VALIDATE_PRODUCT = YES;
			};
			name = Release;
		};
		96D3D7B42DDE1D2200B91A6C /* Debug */ = {
			isa = XCBuildConfiguration;
			buildSettings = {
				ASSETCATALOG_COMPILER_APPICON_NAME = AppIcon;
				ASSETCATALOG_COMPILER_GLOBAL_ACCENT_COLOR_NAME = AccentColor;
				CODE_SIGN_STYLE = Automatic;
				CURRENT_PROJECT_VERSION = 1;
				ENABLE_PREVIEWS = YES;
				GENERATE_INFOPLIST_FILE = NO;
				INFOPLIST_FILE = UniMarket/Info.plist;
				INFOPLIST_KEY_UIApplicationSceneManifest_Generation = YES;
				INFOPLIST_KEY_UIApplicationSupportsIndirectInputEvents = YES;
				INFOPLIST_KEY_UILaunchScreen_Generation = YES;
				INFOPLIST_KEY_UISupportedInterfaceOrientations_iPad = "UIInterfaceOrientationPortrait UIInterfaceOrientationPortraitUpsideDown UIInterfaceOrientationLandscapeLeft UIInterfaceOrientationLandscapeRight";
				INFOPLIST_KEY_UISupportedInterfaceOrientations_iPhone = "UIInterfaceOrientationPortrait UIInterfaceOrientationLandscapeLeft UIInterfaceOrientationLandscapeRight";
				LD_RUNPATH_SEARCH_PATHS = (
					"$(inherited)",
					"@executable_path/Frameworks",
				);
				MARKETING_VERSION = 1.0;
				PRODUCT_BUNDLE_IDENTIFIER = com.JasonMai11.UniMarket;
				PRODUCT_NAME = "$(TARGET_NAME)";
				SWIFT_EMIT_LOC_STRINGS = YES;
				SWIFT_VERSION = 5.0;
				TARGETED_DEVICE_FAMILY = "1,2";
			};
			name = Debug;
		};
		96D3D7B52DDE1D2200B91A6C /* Release */ = {
			isa = XCBuildConfiguration;
			buildSettings = {
				ASSETCATALOG_COMPILER_APPICON_NAME = AppIcon;
				ASSETCATALOG_COMPILER_GLOBAL_ACCENT_COLOR_NAME = AccentColor;
				CODE_SIGN_STYLE = Automatic;
				CURRENT_PROJECT_VERSION = 1;
				ENABLE_PREVIEWS = YES;
				GENERATE_INFOPLIST_FILE = NO;
				INFOPLIST_FILE = UniMarket/Info.plist;
				INFOPLIST_KEY_UIApplicationSceneManifest_Generation = YES;
				INFOPLIST_KEY_UIApplicationSupportsIndirectInputEvents = YES;
				INFOPLIST_KEY_UILaunchScreen_Generation = YES;
				INFOPLIST_KEY_UISupportedInterfaceOrientations_iPad = "UIInterfaceOrientationPortrait UIInterfaceOrientationPortraitUpsideDown UIInterfaceOrientationLandscapeLeft UIInterfaceOrientationLandscapeRight";
				INFOPLIST_KEY_UISupportedInterfaceOrientations_iPhone = "UIInterfaceOrientationPortrait UIInterfaceOrientationLandscapeLeft UIInterfaceOrientationLandscapeRight";
				LD_RUNPATH_SEARCH_PATHS = (
					"$(inherited)",
					"@executable_path/Frameworks",
				);
				MARKETING_VERSION = 1.0;
				PRODUCT_BUNDLE_IDENTIFIER = com.JasonMai11.UniMarket;
				PRODUCT_NAME = "$(TARGET_NAME)";
				SWIFT_EMIT_LOC_STRINGS = YES;
				SWIFT_VERSION = 5.0;
				TARGETED_DEVICE_FAMILY = "1,2";
			};
			name = Release;
		};
		96D3D7B72DDE1D2200B91A6C /* Debug */ = {
			isa = XCBuildConfiguration;
			buildSettings = {
				BUNDLE_LOADER = "$(TEST_HOST)";
				CODE_SIGN_STYLE = Automatic;
				CURRENT_PROJECT_VERSION = 1;
				GENERATE_INFOPLIST_FILE = YES;
				IPHONEOS_DEPLOYMENT_TARGET = 18.4;
				MARKETING_VERSION = 1.0;
				PRODUCT_BUNDLE_IDENTIFIER = JasonMai11.UniMarketTests;
				PRODUCT_NAME = "$(TARGET_NAME)";
				SWIFT_EMIT_LOC_STRINGS = NO;
				SWIFT_VERSION = 5.0;
				TARGETED_DEVICE_FAMILY = "1,2";
				TEST_HOST = "$(BUILT_PRODUCTS_DIR)/UniMarket.app/$(BUNDLE_EXECUTABLE_FOLDER_PATH)/UniMarket";
			};
			name = Debug;
		};
		96D3D7B82DDE1D2200B91A6C /* Release */ = {
			isa = XCBuildConfiguration;
			buildSettings = {
				BUNDLE_LOADER = "$(TEST_HOST)";
				CODE_SIGN_STYLE = Automatic;
				CURRENT_PROJECT_VERSION = 1;
				GENERATE_INFOPLIST_FILE = YES;
				IPHONEOS_DEPLOYMENT_TARGET = 18.4;
				MARKETING_VERSION = 1.0;
				PRODUCT_BUNDLE_IDENTIFIER = JasonMai11.UniMarketTests;
				PRODUCT_NAME = "$(TARGET_NAME)";
				SWIFT_EMIT_LOC_STRINGS = NO;
				SWIFT_VERSION = 5.0;
				TARGETED_DEVICE_FAMILY = "1,2";
				TEST_HOST = "$(BUILT_PRODUCTS_DIR)/UniMarket.app/$(BUNDLE_EXECUTABLE_FOLDER_PATH)/UniMarket";
			};
			name = Release;
		};
		96D3D7BA2DDE1D2200B91A6C /* Debug */ = {
			isa = XCBuildConfiguration;
			buildSettings = {
				CODE_SIGN_STYLE = Automatic;
				CURRENT_PROJECT_VERSION = 1;
				GENERATE_INFOPLIST_FILE = YES;
				MARKETING_VERSION = 1.0;
				PRODUCT_BUNDLE_IDENTIFIER = JasonMai11.UniMarketUITests;
				PRODUCT_NAME = "$(TARGET_NAME)";
				SWIFT_EMIT_LOC_STRINGS = NO;
				SWIFT_VERSION = 5.0;
				TARGETED_DEVICE_FAMILY = "1,2";
				TEST_TARGET_NAME = UniMarket;
			};
			name = Debug;
		};
		96D3D7BB2DDE1D2200B91A6C /* Release */ = {
			isa = XCBuildConfiguration;
			buildSettings = {
				CODE_SIGN_STYLE = Automatic;
				CURRENT_PROJECT_VERSION = 1;
				GENERATE_INFOPLIST_FILE = YES;
				MARKETING_VERSION = 1.0;
				PRODUCT_BUNDLE_IDENTIFIER = JasonMai11.UniMarketUITests;
				PRODUCT_NAME = "$(TARGET_NAME)";
				SWIFT_EMIT_LOC_STRINGS = NO;
				SWIFT_VERSION = 5.0;
				TARGETED_DEVICE_FAMILY = "1,2";
				TEST_TARGET_NAME = UniMarket;
			};
			name = Release;
		};
/* End XCBuildConfiguration section */

/* Begin XCConfigurationList section */
		96D3D78D2DDE1D2000B91A6C /* Build configuration list for PBXProject "UniMarket" */ = {
			isa = XCConfigurationList;
			buildConfigurations = (
				96D3D7B12DDE1D2200B91A6C /* Debug */,
				96D3D7B22DDE1D2200B91A6C /* Release */,
			);
			defaultConfigurationIsVisible = 0;
			defaultConfigurationName = Release;
		};
		96D3D7B32DDE1D2200B91A6C /* Build configuration list for PBXNativeTarget "UniMarket" */ = {
			isa = XCConfigurationList;
			buildConfigurations = (
				96D3D7B42DDE1D2200B91A6C /* Debug */,
				96D3D7B52DDE1D2200B91A6C /* Release */,
			);
			defaultConfigurationIsVisible = 0;
			defaultConfigurationName = Release;
		};
		96D3D7B62DDE1D2200B91A6C /* Build configuration list for PBXNativeTarget "UniMarketTests" */ = {
			isa = XCConfigurationList;
			buildConfigurations = (
				96D3D7B72DDE1D2200B91A6C /* Debug */,
				96D3D7B82DDE1D2200B91A6C /* Release */,
			);
			defaultConfigurationIsVisible = 0;
			defaultConfigurationName = Release;
		};
		96D3D7B92DDE1D2200B91A6C /* Build configuration list for PBXNativeTarget "UniMarketUITests" */ = {
			isa = XCConfigurationList;
			buildConfigurations = (
				96D3D7BA2DDE1D2200B91A6C /* Debug */,
				96D3D7BB2DDE1D2200B91A6C /* Release */,
			);
			defaultConfigurationIsVisible = 0;
			defaultConfigurationName = Release;
		};
/* End XCConfigurationList section */

/* Begin XCRemoteSwiftPackageReference section */
		96D3D8302DDE202F00B91A6C /* XCRemoteSwiftPackageReference "firebase-ios-sdk" */ = {
			isa = XCRemoteSwiftPackageReference;
			repositoryURL = "https://github.com/firebase/firebase-ios-sdk.git";
			requirement = {
				kind = upToNextMajorVersion;
				minimumVersion = 11.13.0;
			};
		};
/* End XCRemoteSwiftPackageReference section */

/* Begin XCSwiftPackageProductDependency section */
		96D3D8312DDE202F00B91A6C /* FirebaseAnalytics */ = {
			isa = XCSwiftPackageProductDependency;
			package = 96D3D8302DDE202F00B91A6C /* XCRemoteSwiftPackageReference "firebase-ios-sdk" */;
			productName = FirebaseAnalytics;
		};
		96D3D8332DDE202F00B91A6C /* FirebaseAuth */ = {
			isa = XCSwiftPackageProductDependency;
			package = 96D3D8302DDE202F00B91A6C /* XCRemoteSwiftPackageReference "firebase-ios-sdk" */;
			productName = FirebaseAuth;
		};
		96D3D8352DDE202F00B91A6C /* FirebaseFirestore */ = {
			isa = XCSwiftPackageProductDependency;
			package = 96D3D8302DDE202F00B91A6C /* XCRemoteSwiftPackageReference "firebase-ios-sdk" */;
			productName = FirebaseFirestore;
		};
		96D3D8372DDE202F00B91A6C /* FirebaseStorage */ = {
			isa = XCSwiftPackageProductDependency;
			package = 96D3D8302DDE202F00B91A6C /* XCRemoteSwiftPackageReference "firebase-ios-sdk" */;
			productName = FirebaseStorage;
		};
/* End XCSwiftPackageProductDependency section */
	};
	rootObject = 96D3D78A2DDE1D2000B91A6C /* Project object */;
}
